
Microsoft Visual Studio Solution File, Format Version 12.00
# Visual Studio Version 17
VisualStudioVersion = 17.5.33516.290
MinimumVisualStudioVersion = 10.0.40219.1
Project("{FAE04EC0-301F-11D3-BF4B-00C04F79EFBC}") = "MyEmployeeApp", "MyEmployeeApp\MyEmployeeApp.csproj", "{409623DD-0F25-488A-8DB5-C2520E938E3D}"
EndProject
Global
	GlobalSection(SolutionConfigurationPlatforms) = preSolution
		Debug|Any CPU = Debug|Any CPU
		Release|Any CPU = Release|Any CPU
	EndGlobalSection
	GlobalSection(ProjectConfigurationPlatforms) = postSolution
		{409623DD-0F25-488A-8DB5-C2520E938E3D}.Debug|Any CPU.ActiveCfg = Debug|Any CPU
		{409623DD-0F25-488A-8DB5-C2520E938E3D}.Debug|Any CPU.Build.0 = Debug|Any CPU
		{409623DD-0F25-488A-8DB5-C2520E938E3D}.Release|Any CPU.ActiveCfg = Release|Any CPU
		{409623DD-0F25-488A-8DB5-C2520E938E3D}.Release|Any CPU.Build.0 = Release|Any CPU
	EndGlobalSection
	GlobalSection(SolutionProperties) = preSolution
		HideSolutionNode = FALSE
	EndGlobalSection
	GlobalSection(ExtensibilityGlobals) = postSolution
		SolutionGuid = {A3F70711-8194-406F-B1EE-4683675F172B}
	EndGlobalSection
EndGlobal
