
Microsoft Visual Studio Solution File, Format Version 12.00
# Visual Studio Version 17
VisualStudioVersion = 17.5.33516.290
MinimumVisualStudioVersion = 10.0.40219.1
Project("{FAE04EC0-301F-11D3-BF4B-00C04F79EFBC}") = "CarNS", "CarNS\CarNS.csproj", "{C87FD631-95F4-45AF-9F6F-BD4BC031DF5B}"
EndProject
Project("{FAE04EC0-301F-11D3-BF4B-00C04F79EFBC}") = "CarTests", "CarTests\CarTests.csproj", "{3EA86937-7023-4FCD-A7A6-C5E3F5A87977}"
EndProject
Project("{FAE04EC0-301F-11D3-BF4B-00C04F79EFBC}") = "CarUI", "CarUI\CarUI.csproj", "{317C9E41-00EB-4AD4-83F6-618349191B2D}"
EndProject
Global
	GlobalSection(SolutionConfigurationPlatforms) = preSolution
		Debug|Any CPU = Debug|Any CPU
		Release|Any CPU = Release|Any CPU
	EndGlobalSection
	GlobalSection(ProjectConfigurationPlatforms) = postSolution
		{C87FD631-95F4-45AF-9F6F-BD4BC031DF5B}.Debug|Any CPU.ActiveCfg = Debug|Any CPU
		{C87FD631-95F4-45AF-9F6F-BD4BC031DF5B}.Debug|Any CPU.Build.0 = Debug|Any CPU
		{C87FD631-95F4-45AF-9F6F-BD4BC031DF5B}.Release|Any CPU.ActiveCfg = Release|Any CPU
		{C87FD631-95F4-45AF-9F6F-BD4BC031DF5B}.Release|Any CPU.Build.0 = Release|Any CPU
		{3EA86937-7023-4FCD-A7A6-C5E3F5A87977}.Debug|Any CPU.ActiveCfg = Debug|Any CPU
		{3EA86937-7023-4FCD-A7A6-C5E3F5A87977}.Debug|Any CPU.Build.0 = Debug|Any CPU
		{3EA86937-7023-4FCD-A7A6-C5E3F5A87977}.Release|Any CPU.ActiveCfg = Release|Any CPU
		{3EA86937-7023-4FCD-A7A6-C5E3F5A87977}.Release|Any CPU.Build.0 = Release|Any CPU
		{317C9E41-00EB-4AD4-83F6-618349191B2D}.Debug|Any CPU.ActiveCfg = Debug|Any CPU
		{317C9E41-00EB-4AD4-83F6-618349191B2D}.Debug|Any CPU.Build.0 = Debug|Any CPU
		{317C9E41-00EB-4AD4-83F6-618349191B2D}.Release|Any CPU.ActiveCfg = Release|Any CPU
		{317C9E41-00EB-4AD4-83F6-618349191B2D}.Release|Any CPU.Build.0 = Release|Any CPU
	EndGlobalSection
	GlobalSection(SolutionProperties) = preSolution
		HideSolutionNode = FALSE
	EndGlobalSection
	GlobalSection(ExtensibilityGlobals) = postSolution
		SolutionGuid = {35E2896E-92D5-4C5C-B433-821D10605F48}
	EndGlobalSection
EndGlobal
