
Microsoft Visual Studio Solution File, Format Version 12.00
# Visual Studio Version 17
VisualStudioVersion = 17.5.33516.290
MinimumVisualStudioVersion = 10.0.40219.1
Project("{FAE04EC0-301F-11D3-BF4B-00C04F79EFBC}") = "ConvertFiveProgram", "ConvertFiveProgram\ConvertFiveProgram.csproj", "{56111779-1D41-40D9-904B-E1C94227754F}"
EndProject
Global
	GlobalSection(SolutionConfigurationPlatforms) = preSolution
		Debug|Any CPU = Debug|Any CPU
		Release|Any CPU = Release|Any CPU
	EndGlobalSection
	GlobalSection(ProjectConfigurationPlatforms) = postSolution
		{56111779-1D41-40D9-904B-E1C94227754F}.Debug|Any CPU.ActiveCfg = Debug|Any CPU
		{56111779-1D41-40D9-904B-E1C94227754F}.Debug|Any CPU.Build.0 = Debug|Any CPU
		{56111779-1D41-40D9-904B-E1C94227754F}.Release|Any CPU.ActiveCfg = Release|Any CPU
		{56111779-1D41-40D9-904B-E1C94227754F}.Release|Any CPU.Build.0 = Release|Any CPU
	EndGlobalSection
	GlobalSection(SolutionProperties) = preSolution
		HideSolutionNode = FALSE
	EndGlobalSection
	GlobalSection(ExtensibilityGlobals) = postSolution
		SolutionGuid = {36E04512-84AC-4D5E-B7CC-2375D016ADC6}
	EndGlobalSection
EndGlobal
