
Microsoft Visual Studio Solution File, Format Version 12.00
# Visual Studio Version 17
VisualStudioVersion = 17.5.33516.290
MinimumVisualStudioVersion = 10.0.40219.1
Project("{FAE04EC0-301F-11D3-BF4B-00C04F79EFBC}") = "GenericsQ2", "GenericsQ2\GenericsQ2.csproj", "{5F8AAA0C-D883-4837-AC66-6BDC939C3480}"
EndProject
Global
	GlobalSection(SolutionConfigurationPlatforms) = preSolution
		Debug|Any CPU = Debug|Any CPU
		Release|Any CPU = Release|Any CPU
	EndGlobalSection
	GlobalSection(ProjectConfigurationPlatforms) = postSolution
		{5F8AAA0C-D883-4837-AC66-6BDC939C3480}.Debug|Any CPU.ActiveCfg = Debug|Any CPU
		{5F8AAA0C-D883-4837-AC66-6BDC939C3480}.Debug|Any CPU.Build.0 = Debug|Any CPU
		{5F8AAA0C-D883-4837-AC66-6BDC939C3480}.Release|Any CPU.ActiveCfg = Release|Any CPU
		{5F8AAA0C-D883-4837-AC66-6BDC939C3480}.Release|Any CPU.Build.0 = Release|Any CPU
	EndGlobalSection
	GlobalSection(SolutionProperties) = preSolution
		HideSolutionNode = FALSE
	EndGlobalSection
	GlobalSection(ExtensibilityGlobals) = postSolution
		SolutionGuid = {FD7D2300-495E-421D-B4F0-3AC008E57880}
	EndGlobalSection
EndGlobal
