
Microsoft Visual Studio Solution File, Format Version 12.00
# Visual Studio Version 17
VisualStudioVersion = 17.5.33516.290
MinimumVisualStudioVersion = 10.0.40219.1
Project("{FAE04EC0-301F-11D3-BF4B-00C04F79EFBC}") = "CountWords", "CountWords\CountWords.csproj", "{F8F4F38A-2333-4AED-A0E5-D5BB6D8BE9DA}"
EndProject
Global
	GlobalSection(SolutionConfigurationPlatforms) = preSolution
		Debug|Any CPU = Debug|Any CPU
		Release|Any CPU = Release|Any CPU
	EndGlobalSection
	GlobalSection(ProjectConfigurationPlatforms) = postSolution
		{F8F4F38A-2333-4AED-A0E5-D5BB6D8BE9DA}.Debug|Any CPU.ActiveCfg = Debug|Any CPU
		{F8F4F38A-2333-4AED-A0E5-D5BB6D8BE9DA}.Debug|Any CPU.Build.0 = Debug|Any CPU
		{F8F4F38A-2333-4AED-A0E5-D5BB6D8BE9DA}.Release|Any CPU.ActiveCfg = Release|Any CPU
		{F8F4F38A-2333-4AED-A0E5-D5BB6D8BE9DA}.Release|Any CPU.Build.0 = Release|Any CPU
	EndGlobalSection
	GlobalSection(SolutionProperties) = preSolution
		HideSolutionNode = FALSE
	EndGlobalSection
	GlobalSection(ExtensibilityGlobals) = postSolution
		SolutionGuid = {FB095C93-1EFD-415F-AD62-04844AF7E235}
	EndGlobalSection
EndGlobal
