
Microsoft Visual Studio Solution File, Format Version 12.00
# Visual Studio Version 17
VisualStudioVersion = 17.5.33516.290
MinimumVisualStudioVersion = 10.0.40219.1
Project("{FAE04EC0-301F-11D3-BF4B-00C04F79EFBC}") = "EFCodeFirst", "EFCodeFirst\EFCodeFirst.csproj", "{264FDAB2-D516-4080-B980-C4289FC2E5A8}"
EndProject
Global
	GlobalSection(SolutionConfigurationPlatforms) = preSolution
		Debug|Any CPU = Debug|Any CPU
		Release|Any CPU = Release|Any CPU
	EndGlobalSection
	GlobalSection(ProjectConfigurationPlatforms) = postSolution
		{264FDAB2-D516-4080-B980-C4289FC2E5A8}.Debug|Any CPU.ActiveCfg = Debug|Any CPU
		{264FDAB2-D516-4080-B980-C4289FC2E5A8}.Debug|Any CPU.Build.0 = Debug|Any CPU
		{264FDAB2-D516-4080-B980-C4289FC2E5A8}.Release|Any CPU.ActiveCfg = Release|Any CPU
		{264FDAB2-D516-4080-B980-C4289FC2E5A8}.Release|Any CPU.Build.0 = Release|Any CPU
	EndGlobalSection
	GlobalSection(SolutionProperties) = preSolution
		HideSolutionNode = FALSE
	EndGlobalSection
	GlobalSection(ExtensibilityGlobals) = postSolution
		SolutionGuid = {7AFDE595-60AA-489B-97F5-DEAF41C16571}
	EndGlobalSection
EndGlobal
