
Microsoft Visual Studio Solution File, Format Version 12.00
# Visual Studio Version 17
VisualStudioVersion = 17.5.33516.290
MinimumVisualStudioVersion = 10.0.40219.1
Project("{FAE04EC0-301F-11D3-BF4B-00C04F79EFBC}") = "MultcastDeligate", "MultcastDeligate\MultcastDeligate.csproj", "{00DD3720-5BB4-4F05-B151-C5FB733F0589}"
EndProject
Global
	GlobalSection(SolutionConfigurationPlatforms) = preSolution
		Debug|Any CPU = Debug|Any CPU
		Release|Any CPU = Release|Any CPU
	EndGlobalSection
	GlobalSection(ProjectConfigurationPlatforms) = postSolution
		{00DD3720-5BB4-4F05-B151-C5FB733F0589}.Debug|Any CPU.ActiveCfg = Debug|Any CPU
		{00DD3720-5BB4-4F05-B151-C5FB733F0589}.Debug|Any CPU.Build.0 = Debug|Any CPU
		{00DD3720-5BB4-4F05-B151-C5FB733F0589}.Release|Any CPU.ActiveCfg = Release|Any CPU
		{00DD3720-5BB4-4F05-B151-C5FB733F0589}.Release|Any CPU.Build.0 = Release|Any CPU
	EndGlobalSection
	GlobalSection(SolutionProperties) = preSolution
		HideSolutionNode = FALSE
	EndGlobalSection
	GlobalSection(ExtensibilityGlobals) = postSolution
		SolutionGuid = {F3E94F18-AA9E-4604-AD7B-5CEA19E46E06}
	EndGlobalSection
EndGlobal
