
Microsoft Visual Studio Solution File, Format Version 12.00
# Visual Studio Version 17
VisualStudioVersion = 17.5.33516.290
MinimumVisualStudioVersion = 10.0.40219.1
Project("{FAE04EC0-301F-11D3-BF4B-00C04F79EFBC}") = "ExtentionDemo", "ExtentionDemo\ExtentionDemo.csproj", "{97E67F8C-93C2-46BC-9101-DD015FD534B0}"
EndProject
Global
	GlobalSection(SolutionConfigurationPlatforms) = preSolution
		Debug|Any CPU = Debug|Any CPU
		Release|Any CPU = Release|Any CPU
	EndGlobalSection
	GlobalSection(ProjectConfigurationPlatforms) = postSolution
		{97E67F8C-93C2-46BC-9101-DD015FD534B0}.Debug|Any CPU.ActiveCfg = Debug|Any CPU
		{97E67F8C-93C2-46BC-9101-DD015FD534B0}.Debug|Any CPU.Build.0 = Debug|Any CPU
		{97E67F8C-93C2-46BC-9101-DD015FD534B0}.Release|Any CPU.ActiveCfg = Release|Any CPU
		{97E67F8C-93C2-46BC-9101-DD015FD534B0}.Release|Any CPU.Build.0 = Release|Any CPU
	EndGlobalSection
	GlobalSection(SolutionProperties) = preSolution
		HideSolutionNode = FALSE
	EndGlobalSection
	GlobalSection(ExtensibilityGlobals) = postSolution
		SolutionGuid = {70643A12-7999-42C5-AC7A-DA27E5775DF8}
	EndGlobalSection
EndGlobal
