
Microsoft Visual Studio Solution File, Format Version 12.00
# Visual Studio Version 17
VisualStudioVersion = 17.5.33516.290
MinimumVisualStudioVersion = 10.0.40219.1
Project("{FAE04EC0-301F-11D3-BF4B-00C04F79EFBC}") = "StringManup", "StringManup\StringManup.csproj", "{55E83C4B-E136-4678-B6C6-A75AE30F2F3A}"
EndProject
Global
	GlobalSection(SolutionConfigurationPlatforms) = preSolution
		Debug|Any CPU = Debug|Any CPU
		Release|Any CPU = Release|Any CPU
	EndGlobalSection
	GlobalSection(ProjectConfigurationPlatforms) = postSolution
		{55E83C4B-E136-4678-B6C6-A75AE30F2F3A}.Debug|Any CPU.ActiveCfg = Debug|Any CPU
		{55E83C4B-E136-4678-B6C6-A75AE30F2F3A}.Debug|Any CPU.Build.0 = Debug|Any CPU
		{55E83C4B-E136-4678-B6C6-A75AE30F2F3A}.Release|Any CPU.ActiveCfg = Release|Any CPU
		{55E83C4B-E136-4678-B6C6-A75AE30F2F3A}.Release|Any CPU.Build.0 = Release|Any CPU
	EndGlobalSection
	GlobalSection(SolutionProperties) = preSolution
		HideSolutionNode = FALSE
	EndGlobalSection
	GlobalSection(ExtensibilityGlobals) = postSolution
		SolutionGuid = {6E250B91-E381-4A4A-809A-FCBDABA9029B}
	EndGlobalSection
EndGlobal
