
Microsoft Visual Studio Solution File, Format Version 12.00
# Visual Studio Version 17
VisualStudioVersion = 17.5.33516.290
MinimumVisualStudioVersion = 10.0.40219.1
Project("{FAE04EC0-301F-11D3-BF4B-00C04F79EFBC}") = "DateTime", "DateTime\DateTime.csproj", "{B2BA3802-5C7A-4B1F-9EE0-B88738E5A23B}"
EndProject
Global
	GlobalSection(SolutionConfigurationPlatforms) = preSolution
		Debug|Any CPU = Debug|Any CPU
		Release|Any CPU = Release|Any CPU
	EndGlobalSection
	GlobalSection(ProjectConfigurationPlatforms) = postSolution
		{B2BA3802-5C7A-4B1F-9EE0-B88738E5A23B}.Debug|Any CPU.ActiveCfg = Debug|Any CPU
		{B2BA3802-5C7A-4B1F-9EE0-B88738E5A23B}.Debug|Any CPU.Build.0 = Debug|Any CPU
		{B2BA3802-5C7A-4B1F-9EE0-B88738E5A23B}.Release|Any CPU.ActiveCfg = Release|Any CPU
		{B2BA3802-5C7A-4B1F-9EE0-B88738E5A23B}.Release|Any CPU.Build.0 = Release|Any CPU
	EndGlobalSection
	GlobalSection(SolutionProperties) = preSolution
		HideSolutionNode = FALSE
	EndGlobalSection
	GlobalSection(ExtensibilityGlobals) = postSolution
		SolutionGuid = {269C23FC-2682-461E-8626-4E5F613F726E}
	EndGlobalSection
EndGlobal
