
Microsoft Visual Studio Solution File, Format Version 12.00
# Visual Studio Version 17
VisualStudioVersion = 17.5.33516.290
MinimumVisualStudioVersion = 10.0.40219.1
Project("{FAE04EC0-301F-11D3-BF4B-00C04F79EFBC}") = "SongReq3", "SongReq3\SongReq3.csproj", "{7A3218BC-5B95-4D6C-89CA-8F91B329DF5D}"
EndProject
Global
	GlobalSection(SolutionConfigurationPlatforms) = preSolution
		Debug|Any CPU = Debug|Any CPU
		Release|Any CPU = Release|Any CPU
	EndGlobalSection
	GlobalSection(ProjectConfigurationPlatforms) = postSolution
		{7A3218BC-5B95-4D6C-89CA-8F91B329DF5D}.Debug|Any CPU.ActiveCfg = Debug|Any CPU
		{7A3218BC-5B95-4D6C-89CA-8F91B329DF5D}.Debug|Any CPU.Build.0 = Debug|Any CPU
		{7A3218BC-5B95-4D6C-89CA-8F91B329DF5D}.Release|Any CPU.ActiveCfg = Release|Any CPU
		{7A3218BC-5B95-4D6C-89CA-8F91B329DF5D}.Release|Any CPU.Build.0 = Release|Any CPU
	EndGlobalSection
	GlobalSection(SolutionProperties) = preSolution
		HideSolutionNode = FALSE
	EndGlobalSection
	GlobalSection(ExtensibilityGlobals) = postSolution
		SolutionGuid = {65E5477F-3FAE-469C-9860-015D8B3A9866}
	EndGlobalSection
EndGlobal
