
Microsoft Visual Studio Solution File, Format Version 12.00
# Visual Studio Version 17
VisualStudioVersion = 17.5.33516.290
MinimumVisualStudioVersion = 10.0.40219.1
Project("{FAE04EC0-301F-11D3-BF4B-00C04F79EFBC}") = "MissinNO", "MissinNO\MissinNO.csproj", "{AEAA3EFB-9998-4691-89A3-A3EFC0BBE3D9}"
EndProject
Global
	GlobalSection(SolutionConfigurationPlatforms) = preSolution
		Debug|Any CPU = Debug|Any CPU
		Release|Any CPU = Release|Any CPU
	EndGlobalSection
	GlobalSection(ProjectConfigurationPlatforms) = postSolution
		{AEAA3EFB-9998-4691-89A3-A3EFC0BBE3D9}.Debug|Any CPU.ActiveCfg = Debug|Any CPU
		{AEAA3EFB-9998-4691-89A3-A3EFC0BBE3D9}.Debug|Any CPU.Build.0 = Debug|Any CPU
		{AEAA3EFB-9998-4691-89A3-A3EFC0BBE3D9}.Release|Any CPU.ActiveCfg = Release|Any CPU
		{AEAA3EFB-9998-4691-89A3-A3EFC0BBE3D9}.Release|Any CPU.Build.0 = Release|Any CPU
	EndGlobalSection
	GlobalSection(SolutionProperties) = preSolution
		HideSolutionNode = FALSE
	EndGlobalSection
	GlobalSection(ExtensibilityGlobals) = postSolution
		SolutionGuid = {F4BA1EC0-7C73-45CC-898E-EA91AF306EBF}
	EndGlobalSection
EndGlobal
