
Microsoft Visual Studio Solution File, Format Version 12.00
# Visual Studio Version 17
VisualStudioVersion = 17.5.33516.290
MinimumVisualStudioVersion = 10.0.40219.1
Project("{FAE04EC0-301F-11D3-BF4B-00C04F79EFBC}") = "EmpD", "EmpD\EmpD.csproj", "{B2248365-E859-4F27-8563-D5D5CDFAAD80}"
EndProject
Global
	GlobalSection(SolutionConfigurationPlatforms) = preSolution
		Debug|Any CPU = Debug|Any CPU
		Release|Any CPU = Release|Any CPU
	EndGlobalSection
	GlobalSection(ProjectConfigurationPlatforms) = postSolution
		{B2248365-E859-4F27-8563-D5D5CDFAAD80}.Debug|Any CPU.ActiveCfg = Debug|Any CPU
		{B2248365-E859-4F27-8563-D5D5CDFAAD80}.Debug|Any CPU.Build.0 = Debug|Any CPU
		{B2248365-E859-4F27-8563-D5D5CDFAAD80}.Release|Any CPU.ActiveCfg = Release|Any CPU
		{B2248365-E859-4F27-8563-D5D5CDFAAD80}.Release|Any CPU.Build.0 = Release|Any CPU
	EndGlobalSection
	GlobalSection(SolutionProperties) = preSolution
		HideSolutionNode = FALSE
	EndGlobalSection
	GlobalSection(ExtensibilityGlobals) = postSolution
		SolutionGuid = {4A1FFDE5-1B89-427C-9775-E9F1538A2BB2}
	EndGlobalSection
EndGlobal
