
Microsoft Visual Studio Solution File, Format Version 12.00
# Visual Studio Version 17
VisualStudioVersion = 17.5.33516.290
MinimumVisualStudioVersion = 10.0.40219.1
Project("{FAE04EC0-301F-11D3-BF4B-00C04F79EFBC}") = "SubArrSum", "SubArrSum\SubArrSum.csproj", "{9F0EE277-C01F-42EB-99E2-1F955BF5DD14}"
EndProject
Global
	GlobalSection(SolutionConfigurationPlatforms) = preSolution
		Debug|Any CPU = Debug|Any CPU
		Release|Any CPU = Release|Any CPU
	EndGlobalSection
	GlobalSection(ProjectConfigurationPlatforms) = postSolution
		{9F0EE277-C01F-42EB-99E2-1F955BF5DD14}.Debug|Any CPU.ActiveCfg = Debug|Any CPU
		{9F0EE277-C01F-42EB-99E2-1F955BF5DD14}.Debug|Any CPU.Build.0 = Debug|Any CPU
		{9F0EE277-C01F-42EB-99E2-1F955BF5DD14}.Release|Any CPU.ActiveCfg = Release|Any CPU
		{9F0EE277-C01F-42EB-99E2-1F955BF5DD14}.Release|Any CPU.Build.0 = Release|Any CPU
	EndGlobalSection
	GlobalSection(SolutionProperties) = preSolution
		HideSolutionNode = FALSE
	EndGlobalSection
	GlobalSection(ExtensibilityGlobals) = postSolution
		SolutionGuid = {79044B06-C011-49B6-BA0C-8CF7E746585E}
	EndGlobalSection
EndGlobal
