
Microsoft Visual Studio Solution File, Format Version 12.00
# Visual Studio Version 17
VisualStudioVersion = 17.5.33516.290
MinimumVisualStudioVersion = 10.0.40219.1
Project("{FAE04EC0-301F-11D3-BF4B-00C04F79EFBC}") = "SumNatural", "SumNatural\SumNatural.csproj", "{A902B931-2DBF-488E-B5C9-DA35A9EB4736}"
EndProject
Global
	GlobalSection(SolutionConfigurationPlatforms) = preSolution
		Debug|Any CPU = Debug|Any CPU
		Release|Any CPU = Release|Any CPU
	EndGlobalSection
	GlobalSection(ProjectConfigurationPlatforms) = postSolution
		{A902B931-2DBF-488E-B5C9-DA35A9EB4736}.Debug|Any CPU.ActiveCfg = Debug|Any CPU
		{A902B931-2DBF-488E-B5C9-DA35A9EB4736}.Debug|Any CPU.Build.0 = Debug|Any CPU
		{A902B931-2DBF-488E-B5C9-DA35A9EB4736}.Release|Any CPU.ActiveCfg = Release|Any CPU
		{A902B931-2DBF-488E-B5C9-DA35A9EB4736}.Release|Any CPU.Build.0 = Release|Any CPU
	EndGlobalSection
	GlobalSection(SolutionProperties) = preSolution
		HideSolutionNode = FALSE
	EndGlobalSection
	GlobalSection(ExtensibilityGlobals) = postSolution
		SolutionGuid = {52A173E7-29C0-4C38-A966-533DCE0DC3E8}
	EndGlobalSection
EndGlobal
