
Microsoft Visual Studio Solution File, Format Version 12.00
# Visual Studio Version 17
VisualStudioVersion = 17.5.33516.290
MinimumVisualStudioVersion = 10.0.40219.1
Project("{FAE04EC0-301F-11D3-BF4B-00C04F79EFBC}") = "prime", "prime\prime.csproj", "{036ACA20-CBC2-4C8E-9952-66CC6567826C}"
EndProject
Global
	GlobalSection(SolutionConfigurationPlatforms) = preSolution
		Debug|Any CPU = Debug|Any CPU
		Release|Any CPU = Release|Any CPU
	EndGlobalSection
	GlobalSection(ProjectConfigurationPlatforms) = postSolution
		{036ACA20-CBC2-4C8E-9952-66CC6567826C}.Debug|Any CPU.ActiveCfg = Debug|Any CPU
		{036ACA20-CBC2-4C8E-9952-66CC6567826C}.Debug|Any CPU.Build.0 = Debug|Any CPU
		{036ACA20-CBC2-4C8E-9952-66CC6567826C}.Release|Any CPU.ActiveCfg = Release|Any CPU
		{036ACA20-CBC2-4C8E-9952-66CC6567826C}.Release|Any CPU.Build.0 = Release|Any CPU
	EndGlobalSection
	GlobalSection(SolutionProperties) = preSolution
		HideSolutionNode = FALSE
	EndGlobalSection
	GlobalSection(ExtensibilityGlobals) = postSolution
		SolutionGuid = {B2B1D8F0-BBD5-4D0E-83A2-4F43FC28FF9C}
	EndGlobalSection
EndGlobal
