
Microsoft Visual Studio Solution File, Format Version 12.00
# Visual Studio Version 17
VisualStudioVersion = 17.5.33516.290
MinimumVisualStudioVersion = 10.0.40219.1
Project("{FAE04EC0-301F-11D3-BF4B-00C04F79EFBC}") = "ExceptionQ2", "ExceptionQ2\ExceptionQ2.csproj", "{7FCA2260-5BA7-45A7-9D60-BC2E3D4F8E6B}"
EndProject
Global
	GlobalSection(SolutionConfigurationPlatforms) = preSolution
		Debug|Any CPU = Debug|Any CPU
		Release|Any CPU = Release|Any CPU
	EndGlobalSection
	GlobalSection(ProjectConfigurationPlatforms) = postSolution
		{7FCA2260-5BA7-45A7-9D60-BC2E3D4F8E6B}.Debug|Any CPU.ActiveCfg = Debug|Any CPU
		{7FCA2260-5BA7-45A7-9D60-BC2E3D4F8E6B}.Debug|Any CPU.Build.0 = Debug|Any CPU
		{7FCA2260-5BA7-45A7-9D60-BC2E3D4F8E6B}.Release|Any CPU.ActiveCfg = Release|Any CPU
		{7FCA2260-5BA7-45A7-9D60-BC2E3D4F8E6B}.Release|Any CPU.Build.0 = Release|Any CPU
	EndGlobalSection
	GlobalSection(SolutionProperties) = preSolution
		HideSolutionNode = FALSE
	EndGlobalSection
	GlobalSection(ExtensibilityGlobals) = postSolution
		SolutionGuid = {AA68A7DE-570A-4A52-BAF9-D901C07AA4E0}
	EndGlobalSection
EndGlobal
